# This file was autogenerated by Stack.
# You should not edit this file by hand.
# For more information, please see the documentation at:
#   https://docs.haskellstack.org/en/stable/lock_files

packages:
- completed:
    hackage: haskell-gi-0.24.5@sha256:a7a29f3bd532c3a36c64d5c0b6d7cc0ab990ace22029e4a3b1daae3f545d5989,5241
    pantry-tree:
      size: 4348
      sha256: 4d8864a46675e648638091f1f443bfd828a0fb8b3527db3335821006866575cd
  original:
    hackage: haskell-gi-0.24.5
- completed:
    hackage: haskell-gi-base-0.24.3@sha256:7a5e0d2c9c441b8d5f2da5a79a197885e00acf4a0facea4fc1da00e637045f70,2392
    pantry-tree:
      size: 1866
      sha256: c7be050613627ee35bcd19f57f56e858022ddf1490526a0326c52ea653a84831
  original:
    hackage: haskell-gi-base-0.24.3
snapshots:
- completed:
    size: 532172
    url: https://raw.githubusercontent.com/commercialhaskell/stackage-snapshots/master/lts/16/18.yaml
    sha256: 4f2a092c6f4869854e8d7435ab98ce5157c641022c3cbfc4c4614ff3db752e62
  original: lts-16.18
